<?xml version="1.0" encoding="utf-8"?>
<Project ToolsVersion="4.0" xmlns="http://schemas.microsoft.com/developer/msbuild/2003">
  <ItemGroup>
    <Filter Include="include">
      <UniqueIdentifier>{74228844-4668-BB48-8687-206F488F159F}</UniqueIdentifier>
    </Filter>
    <Filter Include="include\AK">
      <UniqueIdentifier>{61E84566-A43E-B042-86D9-34F87BD22409}</UniqueIdentifier>
    </Filter>
    <Filter Include="include\AK\Plugin">
      <UniqueIdentifier>{4FDF86E4-16A7-484F-82B4-59D4D83B4EA3}</UniqueIdentifier>
    </Filter>
    <Filter Include="include\AK\Plugin\PluginServices">
      <UniqueIdentifier>{8B0EEEAB-97BE-944F-9F05-EB8454E8248A}</UniqueIdentifier>
    </Filter>
  </ItemGroup>
  <ItemGroup>
    <ClInclude Include="..\AkDelayFX.h" />
    <ClInclude Include="..\AkDelayFXDSP.h" />
    <ClInclude Include="..\AkDelayFXParams.h" />
    <ClInclude Include="..\..\..\..\..\..\include\AK\Plugin\AkDelayFXFactory.h">
      <Filter>include\AK\Plugin</Filter>
    </ClInclude>
    <ClInclude Include="..\..\..\..\..\..\include\AK\Plugin\PluginServices\AkFXTailHandler.h">
      <Filter>include\AK\Plugin\PluginServices</Filter>
    </ClInclude>
    <ClInclude Include="..\..\..\..\..\..\include\AK\Plugin\PluginServices\AkVectorValueRamp.h">
      <Filter>include\AK\Plugin\PluginServices</Filter>
    </ClInclude>
  </ItemGroup>
  <ItemGroup>
    <ClCompile Include="..\AkDelayFX.cpp" />
    <ClCompile Include="..\AkDelayFXDSP.cpp" />
    <ClCompile Include="..\AkDelayFXParams.cpp" />
  </ItemGroup>
</Project>
