<?xml version="1.0" encoding="utf-8"?>
<Project ToolsVersion="4.0" xmlns="http://schemas.microsoft.com/developer/msbuild/2003">
  <ItemGroup>
    <ClCompile Include="SampleClient.cpp" />
    <ClCompile Include="AkAutobahn\WebSocketClient.cpp">
      <Filter>AkAutobahn</Filter>
    </ClCompile>
    <ClCompile Include="AkAutobahn\autobahn.cpp">
      <Filter>AkAutobahn</Filter>
    </ClCompile>
    <ClCompile Include="AkAutobahn\JSONHelpers.cpp">
      <Filter>AkAutobahn</Filter>
    </ClCompile>
    <ClCompile Include="TestClient.cpp" />
    <ClCompile Include="AkAutobahn\civetweb.cpp">
      <Filter>AkAutobahn\civetweb</Filter>
    </ClCompile>
    <ClCompile Include="AkAutobahn\Logger.cpp">
      <Filter>AkAutobahn</Filter>
    </ClCompile>
    <ClCompile Include="StressTest.cpp" />
    <ClCompile Include="TestErrors.cpp" />
    <ClCompile Include="AkAutobahn\Client.cpp">
      <Filter>AkAutobahn</Filter>
    </ClCompile>
    <ClCompile Include="AkAutobahn\FutureUtils.cpp">
      <Filter>AkAutobahn</Filter>
    </ClCompile>
  </ItemGroup>
  <ItemGroup>
    <Filter Include="AkAutobahn">
      <UniqueIdentifier>{473f8e24-b247-4f9b-bff3-8702a770790c}</UniqueIdentifier>
    </Filter>
    <Filter Include="AkAutobahn\util">
      <UniqueIdentifier>{4870b040-10ad-445b-9a0b-0fdf1a618886}</UniqueIdentifier>
    </Filter>
    <Filter Include="AkAutobahn\civetweb">
      <UniqueIdentifier>{a80cc6a4-0208-49a1-8ad1-388cc86a1587}</UniqueIdentifier>
    </Filter>
  </ItemGroup>
  <ItemGroup>
    <ClInclude Include="AkAutobahn\WebSocketClient.h">
      <Filter>AkAutobahn</Filter>
    </ClInclude>
    <ClInclude Include="AkAutobahn\AkVariant.h">
      <Filter>AkAutobahn</Filter>
    </ClInclude>
    <ClInclude Include="AkAutobahn\autobahn.h">
      <Filter>AkAutobahn</Filter>
    </ClInclude>
    <ClInclude Include="AkAutobahn\IWebSocketClientHandler.h">
      <Filter>AkAutobahn</Filter>
    </ClInclude>
    <ClInclude Include="AkAutobahn\JSONHelpers.h">
      <Filter>AkAutobahn</Filter>
    </ClInclude>
    <ClInclude Include="AkAutobahn\util\make_unique.h">
      <Filter>AkAutobahn\util</Filter>
    </ClInclude>
    <ClInclude Include="AkAutobahn\util\Continuation.h">
      <Filter>AkAutobahn\util</Filter>
    </ClInclude>
    <ClInclude Include="TestClient.h" />
    <ClInclude Include="AkAutobahn\civetweb.h">
      <Filter>AkAutobahn\civetweb</Filter>
    </ClInclude>
    <ClInclude Include="AkAutobahn\Logger.h">
      <Filter>AkAutobahn</Filter>
    </ClInclude>
    <ClInclude Include="AkAutobahn\AkJson.h">
      <Filter>AkAutobahn</Filter>
    </ClInclude>
    <ClInclude Include="StressTest.h" />
    <ClInclude Include="TestErrors.h" />
    <ClInclude Include="AkAutobahn\JsonProvider.h">
      <Filter>AkAutobahn</Filter>
    </ClInclude>
    <ClInclude Include="AkAutobahn\FutureUtils.h">
      <Filter>AkAutobahn</Filter>
    </ClInclude>
    <ClInclude Include="AkAutobahn\Client.h">
      <Filter>AkAutobahn</Filter>
    </ClInclude>
  </ItemGroup>
  <ItemGroup>
    <None Include="AkAutobahn\handle_form.inl">
      <Filter>AkAutobahn\civetweb</Filter>
    </None>
    <None Include="AkAutobahn\md5.inl">
      <Filter>AkAutobahn\civetweb</Filter>
    </None>
  </ItemGroup>
</Project>