<?xml version="1.0" encoding="utf-8"?>
<Project ToolsVersion="4.0" xmlns="http://schemas.microsoft.com/developer/msbuild/2003">
  <ItemGroup>
    <Filter Include="include">
      <UniqueIdentifier>{B1762A58-F817-5540-936B-ECC5B0744052}</UniqueIdentifier>
    </Filter>
    <Filter Include="include\AK">
      <UniqueIdentifier>{631841BC-B967-E34B-B0CE-4974B7F9B237}</UniqueIdentifier>
    </Filter>
    <Filter Include="include\AK\Plugin">
      <UniqueIdentifier>{88E4686B-274A-A04D-BAA1-0839CFC9D2E8}</UniqueIdentifier>
    </Filter>
    <Filter Include="include\AK\Plugin\PluginServices">
      <UniqueIdentifier>{8F4311A1-4B63-5045-A788-EE6A6F03BDEF}</UniqueIdentifier>
    </Filter>
  </ItemGroup>
  <ItemGroup>
    <ClInclude Include="..\AkFXSrcAudioInput.h" />
    <ClInclude Include="..\AkFXSrcAudioInputParams.h" />
    <ClInclude Include="..\..\..\..\..\..\include\AK\Plugin\AkAudioInputSourceFactory.h">
      <Filter>include\AK\Plugin</Filter>
    </ClInclude>
    <ClInclude Include="..\..\..\..\..\..\include\AK\Plugin\PluginServices\AkValueRamp.h">
      <Filter>include\AK\Plugin\PluginServices</Filter>
    </ClInclude>
  </ItemGroup>
  <ItemGroup>
    <ClCompile Include="..\AkFXSrcAudioInput.cpp" />
    <ClCompile Include="..\AkFXSrcAudioInputParams.cpp" />
  </ItemGroup>
</Project>
