
Microsoft Visual Studio Solution File, Format Version 12.00
# Visual Studio 2013
Project("{8BC9CEB8-8B4A-11D0-8D11-00A0C91BC942}") = "Sine", "Sine\Windows\Sine.vcxproj", "{6CA9E2D7-93F6-78AB-A7C1-B19526592A46}"
	ProjectSection(ProjectDependencies) = postProject
	EndProjectSection
EndProject
Project("{8BC9CEB8-8B4A-11D0-8D11-00A0C91BC942}") = "CrankcaseAudioREVModelPlayer", "CrankcaseAudioREVModelPlayer\Windows\CrankcaseAudioREVModelPlayer.vcxproj", "{987DDF2E-5B60-5EFA-37AD-C1D22CF33F10}"
	ProjectSection(ProjectDependencies) = postProject
	EndProjectSection
EndProject
Project("{8BC9CEB8-8B4A-11D0-8D11-00A0C91BC942}") = "AkFlanger", "AkFlanger\Windows\AkFlanger.vcxproj", "{8EF856A6-1697-0398-8586-0F71A2CA14BD}"
	ProjectSection(ProjectDependencies) = postProject
	EndProjectSection
EndProject
Project("{8BC9CEB8-8B4A-11D0-8D11-00A0C91BC942}") = "AkGain", "AkGain\Windows\AkGain.vcxproj", "{BC568E36-71B2-E04F-871D-9C612D9A0D0D}"
	ProjectSection(ProjectDependencies) = postProject
	EndProjectSection
EndProject
Project("{8BC9CEB8-8B4A-11D0-8D11-00A0C91BC942}") = "McDSP", "McDSP\Windows\McDSP.vcxproj", "{7DD29927-5A77-F105-D2B7-42710327276A}"
	ProjectSection(ProjectDependencies) = postProject
	EndProjectSection
EndProject
Project("{8BC9CEB8-8B4A-11D0-8D11-00A0C91BC942}") = "ToneGen", "ToneGen\Windows\ToneGen.vcxproj", "{51D24B34-2A78-53B7-2F85-2D6EB1A16D66}"
	ProjectSection(ProjectDependencies) = postProject
	EndProjectSection
EndProject
Project("{8BC9CEB8-8B4A-11D0-8D11-00A0C91BC942}") = "AkSoundSeedAir", "AkSoundSeedAir\Windows\AkSoundSeedAir.vcxproj", "{B517AFC6-3407-8CA2-2713-0FAC08905FB6}"
	ProjectSection(ProjectDependencies) = postProject
	EndProjectSection
EndProject
Project("{8BC9CEB8-8B4A-11D0-8D11-00A0C91BC942}") = "AkPitchShifter", "AkPitchShifter\Windows\AkPitchShifter.vcxproj", "{3E8B27AE-A629-CD69-07E6-90285F2C9ED9}"
	ProjectSection(ProjectDependencies) = postProject
	EndProjectSection
EndProject
Project("{8BC9CEB8-8B4A-11D0-8D11-00A0C91BC942}") = "AkStereoDelay", "AkStereoDelay\Windows\AkStereoDelay.vcxproj", "{7DBD9F55-C163-CDEB-F1EB-3C3F325FA6CE}"
	ProjectSection(ProjectDependencies) = postProject
	EndProjectSection
EndProject
Project("{8BC9CEB8-8B4A-11D0-8D11-00A0C91BC942}") = "AkSoundSeedImpact", "AkSoundSeedImpact\Windows\AkSoundSeedImpact.vcxproj", "{0FAA05A8-5BC3-24D3-CDEB-4418D6EED5B5}"
	ProjectSection(ProjectDependencies) = postProject
	EndProjectSection
EndProject
Project("{8BC9CEB8-8B4A-11D0-8D11-00A0C91BC942}") = "AkDelay", "AkDelay\Windows\AkDelay.vcxproj", "{D7FFF9C6-578B-C045-9D06-B866FFDE60DE}"
	ProjectSection(ProjectDependencies) = postProject
	EndProjectSection
EndProject
Project("{8BC9CEB8-8B4A-11D0-8D11-00A0C91BC942}") = "SynthOne", "SynthOne\Windows\SynthOne.vcxproj", "{54A2D039-3638-EF5E-205B-ADB96A4EF88F}"
	ProjectSection(ProjectDependencies) = postProject
	EndProjectSection
EndProject
Project("{8BC9CEB8-8B4A-11D0-8D11-00A0C91BC942}") = "iZotope", "iZotope\Windows\iZotope.vcxproj", "{C7378E07-7457-EE47-72B9-FEAC0223C2AD}"
	ProjectSection(ProjectDependencies) = postProject
	EndProjectSection
EndProject
Project("{8BC9CEB8-8B4A-11D0-8D11-00A0C91BC942}") = "AkGuitarDistortion", "AkGuitarDistortion\Windows\AkGuitarDistortion.vcxproj", "{6D94F3BC-1A00-DAD8-F947-E4A85B117D2B}"
	ProjectSection(ProjectDependencies) = postProject
	EndProjectSection
EndProject
Project("{8BC9CEB8-8B4A-11D0-8D11-00A0C91BC942}") = "AkPeakLimiter", "AkPeakLimiter\Windows\AkPeakLimiter.vcxproj", "{6B38562B-CFCC-5868-CAB7-5066B12A6C00}"
	ProjectSection(ProjectDependencies) = postProject
	EndProjectSection
EndProject
Project("{8BC9CEB8-8B4A-11D0-8D11-00A0C91BC942}") = "AkCompressor", "AkCompressor\Windows\AkCompressor.vcxproj", "{259F7739-4891-A1FD-C938-70DD0677A04C}"
	ProjectSection(ProjectDependencies) = postProject
	EndProjectSection
EndProject
Project("{8BC9CEB8-8B4A-11D0-8D11-00A0C91BC942}") = "AkTimeStretch", "AkTimeStretch\Windows\AkTimeStretch.vcxproj", "{30C8E5AA-4DED-9CFD-3551-1D9D7549595C}"
	ProjectSection(ProjectDependencies) = postProject
	EndProjectSection
EndProject
Project("{8BC9CEB8-8B4A-11D0-8D11-00A0C91BC942}") = "ParametricEQ", "ParametricEQ\Windows\ParametricEQ.vcxproj", "{D46B3959-0824-D983-3425-F1D6106DAFA0}"
	ProjectSection(ProjectDependencies) = postProject
	EndProjectSection
EndProject
Project("{8BC9CEB8-8B4A-11D0-8D11-00A0C91BC942}") = "Auro", "Auro\Windows\Auro.vcxproj", "{3E4B306A-24C1-302D-5A04-BB54A84F5CEF}"
	ProjectSection(ProjectDependencies) = postProject
	EndProjectSection
EndProject
Project("{8BC9CEB8-8B4A-11D0-8D11-00A0C91BC942}") = "SilenceGenerator", "SilenceGenerator\Windows\SilenceGenerator.vcxproj", "{D2E1078C-73CA-830A-1E32-B82AB2F9894C}"
	ProjectSection(ProjectDependencies) = postProject
	EndProjectSection
EndProject
Project("{8BC9CEB8-8B4A-11D0-8D11-00A0C91BC942}") = "AkHarmonizer", "AkHarmonizer\Windows\AkHarmonizer.vcxproj", "{86ED204A-106C-9187-81FB-FAB754080AA9}"
	ProjectSection(ProjectDependencies) = postProject
	EndProjectSection
EndProject
Project("{8BC9CEB8-8B4A-11D0-8D11-00A0C91BC942}") = "AkMotion", "AkMotion\Windows\AkMotion.vcxproj", "{943B53A6-6E60-B75C-36A2-DEDDF02BBA82}"
	ProjectSection(ProjectDependencies) = postProject
	EndProjectSection
EndProject
Project("{8BC9CEB8-8B4A-11D0-8D11-00A0C91BC942}") = "AkReflect", "AkReflect\Windows\AkReflect.vcxproj", "{50D2E22C-0818-7D7B-7FD8-120030D79449}"
	ProjectSection(ProjectDependencies) = postProject
	EndProjectSection
EndProject
Project("{8BC9CEB8-8B4A-11D0-8D11-00A0C91BC942}") = "AkRoomVerb", "AkRoomVerb\Windows\AkRoomVerb.vcxproj", "{1065B1C1-3479-4993-3FB3-6B1A5F0781E3}"
	ProjectSection(ProjectDependencies) = postProject
	EndProjectSection
EndProject
Project("{8BC9CEB8-8B4A-11D0-8D11-00A0C91BC942}") = "AkConvolutionReverb", "AkConvolutionReverb\Windows\AkConvolutionReverb.vcxproj", "{65F40C66-8908-A1A7-740E-C2EF83639C82}"
	ProjectSection(ProjectDependencies) = postProject
	EndProjectSection
EndProject
Project("{8BC9CEB8-8B4A-11D0-8D11-00A0C91BC942}") = "AkMatrixReverb", "AkMatrixReverb\Windows\AkMatrixReverb.vcxproj", "{DDB99D09-8304-DBF4-EB49-9EFCA5FBF4D3}"
	ProjectSection(ProjectDependencies) = postProject
	EndProjectSection
EndProject
Project("{8BC9CEB8-8B4A-11D0-8D11-00A0C91BC942}") = "AkTremolo", "AkTremolo\Windows\AkTremolo.vcxproj", "{71A32F52-DD54-DD55-BCD6-7B35016D41F8}"
	ProjectSection(ProjectDependencies) = postProject
	EndProjectSection
EndProject
Project("{8BC9CEB8-8B4A-11D0-8D11-00A0C91BC942}") = "AkExpander", "AkExpander\Windows\AkExpander.vcxproj", "{47F5927B-08C4-77BF-F70E-765EEE18C90F}"
	ProjectSection(ProjectDependencies) = postProject
	EndProjectSection
EndProject
Project("{8BC9CEB8-8B4A-11D0-8D11-00A0C91BC942}") = "AkRecorder", "AkRecorder\Windows\AkRecorder.vcxproj", "{820A1611-ED44-7B02-8932-046F0DACAD50}"
	ProjectSection(ProjectDependencies) = postProject
	EndProjectSection
EndProject
Project("{8BC9CEB8-8B4A-11D0-8D11-00A0C91BC942}") = "AudioInput", "AudioInput\Windows\AudioInput.vcxproj", "{5E08F9FA-B39E-C823-9AA3-5EFA6B3405BF}"
	ProjectSection(ProjectDependencies) = postProject
	EndProjectSection
EndProject
Project("{8BC9CEB8-8B4A-11D0-8D11-00A0C91BC942}") = "AkSoundEngineDLL", "AkSoundEngineDLL\Win32\AkSoundEngineDLL_vc120.vcxproj", "{213CE489-52C3-4B71-A61F-E347B52DEE6D}"
	ProjectSection(ProjectDependencies) = postProject
	EndProjectSection
EndProject
Global
	GlobalSection(SolutionConfigurationPlatforms) = preSolution
		Debug|Win32 = Debug|Win32
		Debug|x64 = Debug|x64
		Profile|Win32 = Profile|Win32
		Profile|x64 = Profile|x64
		Release|Win32 = Release|Win32
		Release|x64 = Release|x64
	EndGlobalSection
	GlobalSection(ProjectConfigurationPlatforms) = postSolution
		{6CA9E2D7-93F6-78AB-A7C1-B19526592A46}.Debug|Win32.ActiveCfg = Debug|Win32
		{6CA9E2D7-93F6-78AB-A7C1-B19526592A46}.Debug|Win32.Build.0 = Debug|Win32
		{6CA9E2D7-93F6-78AB-A7C1-B19526592A46}.Debug|x64.ActiveCfg = Debug|x64
		{6CA9E2D7-93F6-78AB-A7C1-B19526592A46}.Debug|x64.Build.0 = Debug|x64
		{6CA9E2D7-93F6-78AB-A7C1-B19526592A46}.Profile|Win32.ActiveCfg = Profile|Win32
		{6CA9E2D7-93F6-78AB-A7C1-B19526592A46}.Profile|Win32.Build.0 = Profile|Win32
		{6CA9E2D7-93F6-78AB-A7C1-B19526592A46}.Profile|x64.ActiveCfg = Profile|x64
		{6CA9E2D7-93F6-78AB-A7C1-B19526592A46}.Profile|x64.Build.0 = Profile|x64
		{6CA9E2D7-93F6-78AB-A7C1-B19526592A46}.Release|Win32.ActiveCfg = Release|Win32
		{6CA9E2D7-93F6-78AB-A7C1-B19526592A46}.Release|Win32.Build.0 = Release|Win32
		{6CA9E2D7-93F6-78AB-A7C1-B19526592A46}.Release|x64.ActiveCfg = Release|x64
		{6CA9E2D7-93F6-78AB-A7C1-B19526592A46}.Release|x64.Build.0 = Release|x64
		{987DDF2E-5B60-5EFA-37AD-C1D22CF33F10}.Debug|Win32.ActiveCfg = Debug|Win32
		{987DDF2E-5B60-5EFA-37AD-C1D22CF33F10}.Debug|Win32.Build.0 = Debug|Win32
		{987DDF2E-5B60-5EFA-37AD-C1D22CF33F10}.Debug|x64.ActiveCfg = Debug|x64
		{987DDF2E-5B60-5EFA-37AD-C1D22CF33F10}.Debug|x64.Build.0 = Debug|x64
		{987DDF2E-5B60-5EFA-37AD-C1D22CF33F10}.Profile|Win32.ActiveCfg = Profile|Win32
		{987DDF2E-5B60-5EFA-37AD-C1D22CF33F10}.Profile|Win32.Build.0 = Profile|Win32
		{987DDF2E-5B60-5EFA-37AD-C1D22CF33F10}.Profile|x64.ActiveCfg = Profile|x64
		{987DDF2E-5B60-5EFA-37AD-C1D22CF33F10}.Profile|x64.Build.0 = Profile|x64
		{987DDF2E-5B60-5EFA-37AD-C1D22CF33F10}.Release|Win32.ActiveCfg = Release|Win32
		{987DDF2E-5B60-5EFA-37AD-C1D22CF33F10}.Release|Win32.Build.0 = Release|Win32
		{987DDF2E-5B60-5EFA-37AD-C1D22CF33F10}.Release|x64.ActiveCfg = Release|x64
		{987DDF2E-5B60-5EFA-37AD-C1D22CF33F10}.Release|x64.Build.0 = Release|x64
		{8EF856A6-1697-0398-8586-0F71A2CA14BD}.Debug|Win32.ActiveCfg = Debug|Win32
		{8EF856A6-1697-0398-8586-0F71A2CA14BD}.Debug|Win32.Build.0 = Debug|Win32
		{8EF856A6-1697-0398-8586-0F71A2CA14BD}.Debug|x64.ActiveCfg = Debug|x64
		{8EF856A6-1697-0398-8586-0F71A2CA14BD}.Debug|x64.Build.0 = Debug|x64
		{8EF856A6-1697-0398-8586-0F71A2CA14BD}.Profile|Win32.ActiveCfg = Profile|Win32
		{8EF856A6-1697-0398-8586-0F71A2CA14BD}.Profile|Win32.Build.0 = Profile|Win32
		{8EF856A6-1697-0398-8586-0F71A2CA14BD}.Profile|x64.ActiveCfg = Profile|x64
		{8EF856A6-1697-0398-8586-0F71A2CA14BD}.Profile|x64.Build.0 = Profile|x64
		{8EF856A6-1697-0398-8586-0F71A2CA14BD}.Release|Win32.ActiveCfg = Release|Win32
		{8EF856A6-1697-0398-8586-0F71A2CA14BD}.Release|Win32.Build.0 = Release|Win32
		{8EF856A6-1697-0398-8586-0F71A2CA14BD}.Release|x64.ActiveCfg = Release|x64
		{8EF856A6-1697-0398-8586-0F71A2CA14BD}.Release|x64.Build.0 = Release|x64
		{BC568E36-71B2-E04F-871D-9C612D9A0D0D}.Debug|Win32.ActiveCfg = Debug|Win32
		{BC568E36-71B2-E04F-871D-9C612D9A0D0D}.Debug|Win32.Build.0 = Debug|Win32
		{BC568E36-71B2-E04F-871D-9C612D9A0D0D}.Debug|x64.ActiveCfg = Debug|x64
		{BC568E36-71B2-E04F-871D-9C612D9A0D0D}.Debug|x64.Build.0 = Debug|x64
		{BC568E36-71B2-E04F-871D-9C612D9A0D0D}.Profile|Win32.ActiveCfg = Profile|Win32
		{BC568E36-71B2-E04F-871D-9C612D9A0D0D}.Profile|Win32.Build.0 = Profile|Win32
		{BC568E36-71B2-E04F-871D-9C612D9A0D0D}.Profile|x64.ActiveCfg = Profile|x64
		{BC568E36-71B2-E04F-871D-9C612D9A0D0D}.Profile|x64.Build.0 = Profile|x64
		{BC568E36-71B2-E04F-871D-9C612D9A0D0D}.Release|Win32.ActiveCfg = Release|Win32
		{BC568E36-71B2-E04F-871D-9C612D9A0D0D}.Release|Win32.Build.0 = Release|Win32
		{BC568E36-71B2-E04F-871D-9C612D9A0D0D}.Release|x64.ActiveCfg = Release|x64
		{BC568E36-71B2-E04F-871D-9C612D9A0D0D}.Release|x64.Build.0 = Release|x64
		{7DD29927-5A77-F105-D2B7-42710327276A}.Debug|Win32.ActiveCfg = Debug|Win32
		{7DD29927-5A77-F105-D2B7-42710327276A}.Debug|Win32.Build.0 = Debug|Win32
		{7DD29927-5A77-F105-D2B7-42710327276A}.Debug|x64.ActiveCfg = Debug|x64
		{7DD29927-5A77-F105-D2B7-42710327276A}.Debug|x64.Build.0 = Debug|x64
		{7DD29927-5A77-F105-D2B7-42710327276A}.Profile|Win32.ActiveCfg = Profile|Win32
		{7DD29927-5A77-F105-D2B7-42710327276A}.Profile|Win32.Build.0 = Profile|Win32
		{7DD29927-5A77-F105-D2B7-42710327276A}.Profile|x64.ActiveCfg = Profile|x64
		{7DD29927-5A77-F105-D2B7-42710327276A}.Profile|x64.Build.0 = Profile|x64
		{7DD29927-5A77-F105-D2B7-42710327276A}.Release|Win32.ActiveCfg = Release|Win32
		{7DD29927-5A77-F105-D2B7-42710327276A}.Release|Win32.Build.0 = Release|Win32
		{7DD29927-5A77-F105-D2B7-42710327276A}.Release|x64.ActiveCfg = Release|x64
		{7DD29927-5A77-F105-D2B7-42710327276A}.Release|x64.Build.0 = Release|x64
		{51D24B34-2A78-53B7-2F85-2D6EB1A16D66}.Debug|Win32.ActiveCfg = Debug|Win32
		{51D24B34-2A78-53B7-2F85-2D6EB1A16D66}.Debug|Win32.Build.0 = Debug|Win32
		{51D24B34-2A78-53B7-2F85-2D6EB1A16D66}.Debug|x64.ActiveCfg = Debug|x64
		{51D24B34-2A78-53B7-2F85-2D6EB1A16D66}.Debug|x64.Build.0 = Debug|x64
		{51D24B34-2A78-53B7-2F85-2D6EB1A16D66}.Profile|Win32.ActiveCfg = Profile|Win32
		{51D24B34-2A78-53B7-2F85-2D6EB1A16D66}.Profile|Win32.Build.0 = Profile|Win32
		{51D24B34-2A78-53B7-2F85-2D6EB1A16D66}.Profile|x64.ActiveCfg = Profile|x64
		{51D24B34-2A78-53B7-2F85-2D6EB1A16D66}.Profile|x64.Build.0 = Profile|x64
		{51D24B34-2A78-53B7-2F85-2D6EB1A16D66}.Release|Win32.ActiveCfg = Release|Win32
		{51D24B34-2A78-53B7-2F85-2D6EB1A16D66}.Release|Win32.Build.0 = Release|Win32
		{51D24B34-2A78-53B7-2F85-2D6EB1A16D66}.Release|x64.ActiveCfg = Release|x64
		{51D24B34-2A78-53B7-2F85-2D6EB1A16D66}.Release|x64.Build.0 = Release|x64
		{B517AFC6-3407-8CA2-2713-0FAC08905FB6}.Debug|Win32.ActiveCfg = Debug|Win32
		{B517AFC6-3407-8CA2-2713-0FAC08905FB6}.Debug|Win32.Build.0 = Debug|Win32
		{B517AFC6-3407-8CA2-2713-0FAC08905FB6}.Debug|x64.ActiveCfg = Debug|x64
		{B517AFC6-3407-8CA2-2713-0FAC08905FB6}.Debug|x64.Build.0 = Debug|x64
		{B517AFC6-3407-8CA2-2713-0FAC08905FB6}.Profile|Win32.ActiveCfg = Profile|Win32
		{B517AFC6-3407-8CA2-2713-0FAC08905FB6}.Profile|Win32.Build.0 = Profile|Win32
		{B517AFC6-3407-8CA2-2713-0FAC08905FB6}.Profile|x64.ActiveCfg = Profile|x64
		{B517AFC6-3407-8CA2-2713-0FAC08905FB6}.Profile|x64.Build.0 = Profile|x64
		{B517AFC6-3407-8CA2-2713-0FAC08905FB6}.Release|Win32.ActiveCfg = Release|Win32
		{B517AFC6-3407-8CA2-2713-0FAC08905FB6}.Release|Win32.Build.0 = Release|Win32
		{B517AFC6-3407-8CA2-2713-0FAC08905FB6}.Release|x64.ActiveCfg = Release|x64
		{B517AFC6-3407-8CA2-2713-0FAC08905FB6}.Release|x64.Build.0 = Release|x64
		{3E8B27AE-A629-CD69-07E6-90285F2C9ED9}.Debug|Win32.ActiveCfg = Debug|Win32
		{3E8B27AE-A629-CD69-07E6-90285F2C9ED9}.Debug|Win32.Build.0 = Debug|Win32
		{3E8B27AE-A629-CD69-07E6-90285F2C9ED9}.Debug|x64.ActiveCfg = Debug|x64
		{3E8B27AE-A629-CD69-07E6-90285F2C9ED9}.Debug|x64.Build.0 = Debug|x64
		{3E8B27AE-A629-CD69-07E6-90285F2C9ED9}.Profile|Win32.ActiveCfg = Profile|Win32
		{3E8B27AE-A629-CD69-07E6-90285F2C9ED9}.Profile|Win32.Build.0 = Profile|Win32
		{3E8B27AE-A629-CD69-07E6-90285F2C9ED9}.Profile|x64.ActiveCfg = Profile|x64
		{3E8B27AE-A629-CD69-07E6-90285F2C9ED9}.Profile|x64.Build.0 = Profile|x64
		{3E8B27AE-A629-CD69-07E6-90285F2C9ED9}.Release|Win32.ActiveCfg = Release|Win32
		{3E8B27AE-A629-CD69-07E6-90285F2C9ED9}.Release|Win32.Build.0 = Release|Win32
		{3E8B27AE-A629-CD69-07E6-90285F2C9ED9}.Release|x64.ActiveCfg = Release|x64
		{3E8B27AE-A629-CD69-07E6-90285F2C9ED9}.Release|x64.Build.0 = Release|x64
		{7DBD9F55-C163-CDEB-F1EB-3C3F325FA6CE}.Debug|Win32.ActiveCfg = Debug|Win32
		{7DBD9F55-C163-CDEB-F1EB-3C3F325FA6CE}.Debug|Win32.Build.0 = Debug|Win32
		{7DBD9F55-C163-CDEB-F1EB-3C3F325FA6CE}.Debug|x64.ActiveCfg = Debug|x64
		{7DBD9F55-C163-CDEB-F1EB-3C3F325FA6CE}.Debug|x64.Build.0 = Debug|x64
		{7DBD9F55-C163-CDEB-F1EB-3C3F325FA6CE}.Profile|Win32.ActiveCfg = Profile|Win32
		{7DBD9F55-C163-CDEB-F1EB-3C3F325FA6CE}.Profile|Win32.Build.0 = Profile|Win32
		{7DBD9F55-C163-CDEB-F1EB-3C3F325FA6CE}.Profile|x64.ActiveCfg = Profile|x64
		{7DBD9F55-C163-CDEB-F1EB-3C3F325FA6CE}.Profile|x64.Build.0 = Profile|x64
		{7DBD9F55-C163-CDEB-F1EB-3C3F325FA6CE}.Release|Win32.ActiveCfg = Release|Win32
		{7DBD9F55-C163-CDEB-F1EB-3C3F325FA6CE}.Release|Win32.Build.0 = Release|Win32
		{7DBD9F55-C163-CDEB-F1EB-3C3F325FA6CE}.Release|x64.ActiveCfg = Release|x64
		{7DBD9F55-C163-CDEB-F1EB-3C3F325FA6CE}.Release|x64.Build.0 = Release|x64
		{0FAA05A8-5BC3-24D3-CDEB-4418D6EED5B5}.Debug|Win32.ActiveCfg = Debug|Win32
		{0FAA05A8-5BC3-24D3-CDEB-4418D6EED5B5}.Debug|Win32.Build.0 = Debug|Win32
		{0FAA05A8-5BC3-24D3-CDEB-4418D6EED5B5}.Debug|x64.ActiveCfg = Debug|x64
		{0FAA05A8-5BC3-24D3-CDEB-4418D6EED5B5}.Debug|x64.Build.0 = Debug|x64
		{0FAA05A8-5BC3-24D3-CDEB-4418D6EED5B5}.Profile|Win32.ActiveCfg = Profile|Win32
		{0FAA05A8-5BC3-24D3-CDEB-4418D6EED5B5}.Profile|Win32.Build.0 = Profile|Win32
		{0FAA05A8-5BC3-24D3-CDEB-4418D6EED5B5}.Profile|x64.ActiveCfg = Profile|x64
		{0FAA05A8-5BC3-24D3-CDEB-4418D6EED5B5}.Profile|x64.Build.0 = Profile|x64
		{0FAA05A8-5BC3-24D3-CDEB-4418D6EED5B5}.Release|Win32.ActiveCfg = Release|Win32
		{0FAA05A8-5BC3-24D3-CDEB-4418D6EED5B5}.Release|Win32.Build.0 = Release|Win32
		{0FAA05A8-5BC3-24D3-CDEB-4418D6EED5B5}.Release|x64.ActiveCfg = Release|x64
		{0FAA05A8-5BC3-24D3-CDEB-4418D6EED5B5}.Release|x64.Build.0 = Release|x64
		{D7FFF9C6-578B-C045-9D06-B866FFDE60DE}.Debug|Win32.ActiveCfg = Debug|Win32
		{D7FFF9C6-578B-C045-9D06-B866FFDE60DE}.Debug|Win32.Build.0 = Debug|Win32
		{D7FFF9C6-578B-C045-9D06-B866FFDE60DE}.Debug|x64.ActiveCfg = Debug|x64
		{D7FFF9C6-578B-C045-9D06-B866FFDE60DE}.Debug|x64.Build.0 = Debug|x64
		{D7FFF9C6-578B-C045-9D06-B866FFDE60DE}.Profile|Win32.ActiveCfg = Profile|Win32
		{D7FFF9C6-578B-C045-9D06-B866FFDE60DE}.Profile|Win32.Build.0 = Profile|Win32
		{D7FFF9C6-578B-C045-9D06-B866FFDE60DE}.Profile|x64.ActiveCfg = Profile|x64
		{D7FFF9C6-578B-C045-9D06-B866FFDE60DE}.Profile|x64.Build.0 = Profile|x64
		{D7FFF9C6-578B-C045-9D06-B866FFDE60DE}.Release|Win32.ActiveCfg = Release|Win32
		{D7FFF9C6-578B-C045-9D06-B866FFDE60DE}.Release|Win32.Build.0 = Release|Win32
		{D7FFF9C6-578B-C045-9D06-B866FFDE60DE}.Release|x64.ActiveCfg = Release|x64
		{D7FFF9C6-578B-C045-9D06-B866FFDE60DE}.Release|x64.Build.0 = Release|x64
		{54A2D039-3638-EF5E-205B-ADB96A4EF88F}.Debug|Win32.ActiveCfg = Debug|Win32
		{54A2D039-3638-EF5E-205B-ADB96A4EF88F}.Debug|Win32.Build.0 = Debug|Win32
		{54A2D039-3638-EF5E-205B-ADB96A4EF88F}.Debug|x64.ActiveCfg = Debug|x64
		{54A2D039-3638-EF5E-205B-ADB96A4EF88F}.Debug|x64.Build.0 = Debug|x64
		{54A2D039-3638-EF5E-205B-ADB96A4EF88F}.Profile|Win32.ActiveCfg = Profile|Win32
		{54A2D039-3638-EF5E-205B-ADB96A4EF88F}.Profile|Win32.Build.0 = Profile|Win32
		{54A2D039-3638-EF5E-205B-ADB96A4EF88F}.Profile|x64.ActiveCfg = Profile|x64
		{54A2D039-3638-EF5E-205B-ADB96A4EF88F}.Profile|x64.Build.0 = Profile|x64
		{54A2D039-3638-EF5E-205B-ADB96A4EF88F}.Release|Win32.ActiveCfg = Release|Win32
		{54A2D039-3638-EF5E-205B-ADB96A4EF88F}.Release|Win32.Build.0 = Release|Win32
		{54A2D039-3638-EF5E-205B-ADB96A4EF88F}.Release|x64.ActiveCfg = Release|x64
		{54A2D039-3638-EF5E-205B-ADB96A4EF88F}.Release|x64.Build.0 = Release|x64
		{C7378E07-7457-EE47-72B9-FEAC0223C2AD}.Debug|Win32.ActiveCfg = Debug|Win32
		{C7378E07-7457-EE47-72B9-FEAC0223C2AD}.Debug|Win32.Build.0 = Debug|Win32
		{C7378E07-7457-EE47-72B9-FEAC0223C2AD}.Debug|x64.ActiveCfg = Debug|x64
		{C7378E07-7457-EE47-72B9-FEAC0223C2AD}.Debug|x64.Build.0 = Debug|x64
		{C7378E07-7457-EE47-72B9-FEAC0223C2AD}.Profile|Win32.ActiveCfg = Profile|Win32
		{C7378E07-7457-EE47-72B9-FEAC0223C2AD}.Profile|Win32.Build.0 = Profile|Win32
		{C7378E07-7457-EE47-72B9-FEAC0223C2AD}.Profile|x64.ActiveCfg = Profile|x64
		{C7378E07-7457-EE47-72B9-FEAC0223C2AD}.Profile|x64.Build.0 = Profile|x64
		{C7378E07-7457-EE47-72B9-FEAC0223C2AD}.Release|Win32.ActiveCfg = Release|Win32
		{C7378E07-7457-EE47-72B9-FEAC0223C2AD}.Release|Win32.Build.0 = Release|Win32
		{C7378E07-7457-EE47-72B9-FEAC0223C2AD}.Release|x64.ActiveCfg = Release|x64
		{C7378E07-7457-EE47-72B9-FEAC0223C2AD}.Release|x64.Build.0 = Release|x64
		{6D94F3BC-1A00-DAD8-F947-E4A85B117D2B}.Debug|Win32.ActiveCfg = Debug|Win32
		{6D94F3BC-1A00-DAD8-F947-E4A85B117D2B}.Debug|Win32.Build.0 = Debug|Win32
		{6D94F3BC-1A00-DAD8-F947-E4A85B117D2B}.Debug|x64.ActiveCfg = Debug|x64
		{6D94F3BC-1A00-DAD8-F947-E4A85B117D2B}.Debug|x64.Build.0 = Debug|x64
		{6D94F3BC-1A00-DAD8-F947-E4A85B117D2B}.Profile|Win32.ActiveCfg = Profile|Win32
		{6D94F3BC-1A00-DAD8-F947-E4A85B117D2B}.Profile|Win32.Build.0 = Profile|Win32
		{6D94F3BC-1A00-DAD8-F947-E4A85B117D2B}.Profile|x64.ActiveCfg = Profile|x64
		{6D94F3BC-1A00-DAD8-F947-E4A85B117D2B}.Profile|x64.Build.0 = Profile|x64
		{6D94F3BC-1A00-DAD8-F947-E4A85B117D2B}.Release|Win32.ActiveCfg = Release|Win32
		{6D94F3BC-1A00-DAD8-F947-E4A85B117D2B}.Release|Win32.Build.0 = Release|Win32
		{6D94F3BC-1A00-DAD8-F947-E4A85B117D2B}.Release|x64.ActiveCfg = Release|x64
		{6D94F3BC-1A00-DAD8-F947-E4A85B117D2B}.Release|x64.Build.0 = Release|x64
		{6B38562B-CFCC-5868-CAB7-5066B12A6C00}.Debug|Win32.ActiveCfg = Debug|Win32
		{6B38562B-CFCC-5868-CAB7-5066B12A6C00}.Debug|Win32.Build.0 = Debug|Win32
		{6B38562B-CFCC-5868-CAB7-5066B12A6C00}.Debug|x64.ActiveCfg = Debug|x64
		{6B38562B-CFCC-5868-CAB7-5066B12A6C00}.Debug|x64.Build.0 = Debug|x64
		{6B38562B-CFCC-5868-CAB7-5066B12A6C00}.Profile|Win32.ActiveCfg = Profile|Win32
		{6B38562B-CFCC-5868-CAB7-5066B12A6C00}.Profile|Win32.Build.0 = Profile|Win32
		{6B38562B-CFCC-5868-CAB7-5066B12A6C00}.Profile|x64.ActiveCfg = Profile|x64
		{6B38562B-CFCC-5868-CAB7-5066B12A6C00}.Profile|x64.Build.0 = Profile|x64
		{6B38562B-CFCC-5868-CAB7-5066B12A6C00}.Release|Win32.ActiveCfg = Release|Win32
		{6B38562B-CFCC-5868-CAB7-5066B12A6C00}.Release|Win32.Build.0 = Release|Win32
		{6B38562B-CFCC-5868-CAB7-5066B12A6C00}.Release|x64.ActiveCfg = Release|x64
		{6B38562B-CFCC-5868-CAB7-5066B12A6C00}.Release|x64.Build.0 = Release|x64
		{259F7739-4891-A1FD-C938-70DD0677A04C}.Debug|Win32.ActiveCfg = Debug|Win32
		{259F7739-4891-A1FD-C938-70DD0677A04C}.Debug|Win32.Build.0 = Debug|Win32
		{259F7739-4891-A1FD-C938-70DD0677A04C}.Debug|x64.ActiveCfg = Debug|x64
		{259F7739-4891-A1FD-C938-70DD0677A04C}.Debug|x64.Build.0 = Debug|x64
		{259F7739-4891-A1FD-C938-70DD0677A04C}.Profile|Win32.ActiveCfg = Profile|Win32
		{259F7739-4891-A1FD-C938-70DD0677A04C}.Profile|Win32.Build.0 = Profile|Win32
		{259F7739-4891-A1FD-C938-70DD0677A04C}.Profile|x64.ActiveCfg = Profile|x64
		{259F7739-4891-A1FD-C938-70DD0677A04C}.Profile|x64.Build.0 = Profile|x64
		{259F7739-4891-A1FD-C938-70DD0677A04C}.Release|Win32.ActiveCfg = Release|Win32
		{259F7739-4891-A1FD-C938-70DD0677A04C}.Release|Win32.Build.0 = Release|Win32
		{259F7739-4891-A1FD-C938-70DD0677A04C}.Release|x64.ActiveCfg = Release|x64
		{259F7739-4891-A1FD-C938-70DD0677A04C}.Release|x64.Build.0 = Release|x64
		{30C8E5AA-4DED-9CFD-3551-1D9D7549595C}.Debug|Win32.ActiveCfg = Debug|Win32
		{30C8E5AA-4DED-9CFD-3551-1D9D7549595C}.Debug|Win32.Build.0 = Debug|Win32
		{30C8E5AA-4DED-9CFD-3551-1D9D7549595C}.Debug|x64.ActiveCfg = Debug|x64
		{30C8E5AA-4DED-9CFD-3551-1D9D7549595C}.Debug|x64.Build.0 = Debug|x64
		{30C8E5AA-4DED-9CFD-3551-1D9D7549595C}.Profile|Win32.ActiveCfg = Profile|Win32
		{30C8E5AA-4DED-9CFD-3551-1D9D7549595C}.Profile|Win32.Build.0 = Profile|Win32
		{30C8E5AA-4DED-9CFD-3551-1D9D7549595C}.Profile|x64.ActiveCfg = Profile|x64
		{30C8E5AA-4DED-9CFD-3551-1D9D7549595C}.Profile|x64.Build.0 = Profile|x64
		{30C8E5AA-4DED-9CFD-3551-1D9D7549595C}.Release|Win32.ActiveCfg = Release|Win32
		{30C8E5AA-4DED-9CFD-3551-1D9D7549595C}.Release|Win32.Build.0 = Release|Win32
		{30C8E5AA-4DED-9CFD-3551-1D9D7549595C}.Release|x64.ActiveCfg = Release|x64
		{30C8E5AA-4DED-9CFD-3551-1D9D7549595C}.Release|x64.Build.0 = Release|x64
		{D46B3959-0824-D983-3425-F1D6106DAFA0}.Debug|Win32.ActiveCfg = Debug|Win32
		{D46B3959-0824-D983-3425-F1D6106DAFA0}.Debug|Win32.Build.0 = Debug|Win32
		{D46B3959-0824-D983-3425-F1D6106DAFA0}.Debug|x64.ActiveCfg = Debug|x64
		{D46B3959-0824-D983-3425-F1D6106DAFA0}.Debug|x64.Build.0 = Debug|x64
		{D46B3959-0824-D983-3425-F1D6106DAFA0}.Profile|Win32.ActiveCfg = Profile|Win32
		{D46B3959-0824-D983-3425-F1D6106DAFA0}.Profile|Win32.Build.0 = Profile|Win32
		{D46B3959-0824-D983-3425-F1D6106DAFA0}.Profile|x64.ActiveCfg = Profile|x64
		{D46B3959-0824-D983-3425-F1D6106DAFA0}.Profile|x64.Build.0 = Profile|x64
		{D46B3959-0824-D983-3425-F1D6106DAFA0}.Release|Win32.ActiveCfg = Release|Win32
		{D46B3959-0824-D983-3425-F1D6106DAFA0}.Release|Win32.Build.0 = Release|Win32
		{D46B3959-0824-D983-3425-F1D6106DAFA0}.Release|x64.ActiveCfg = Release|x64
		{D46B3959-0824-D983-3425-F1D6106DAFA0}.Release|x64.Build.0 = Release|x64
		{3E4B306A-24C1-302D-5A04-BB54A84F5CEF}.Debug|Win32.ActiveCfg = Debug|Win32
		{3E4B306A-24C1-302D-5A04-BB54A84F5CEF}.Debug|Win32.Build.0 = Debug|Win32
		{3E4B306A-24C1-302D-5A04-BB54A84F5CEF}.Debug|x64.ActiveCfg = Debug|x64
		{3E4B306A-24C1-302D-5A04-BB54A84F5CEF}.Debug|x64.Build.0 = Debug|x64
		{3E4B306A-24C1-302D-5A04-BB54A84F5CEF}.Profile|Win32.ActiveCfg = Profile|Win32
		{3E4B306A-24C1-302D-5A04-BB54A84F5CEF}.Profile|Win32.Build.0 = Profile|Win32
		{3E4B306A-24C1-302D-5A04-BB54A84F5CEF}.Profile|x64.ActiveCfg = Profile|x64
		{3E4B306A-24C1-302D-5A04-BB54A84F5CEF}.Profile|x64.Build.0 = Profile|x64
		{3E4B306A-24C1-302D-5A04-BB54A84F5CEF}.Release|Win32.ActiveCfg = Release|Win32
		{3E4B306A-24C1-302D-5A04-BB54A84F5CEF}.Release|Win32.Build.0 = Release|Win32
		{3E4B306A-24C1-302D-5A04-BB54A84F5CEF}.Release|x64.ActiveCfg = Release|x64
		{3E4B306A-24C1-302D-5A04-BB54A84F5CEF}.Release|x64.Build.0 = Release|x64
		{D2E1078C-73CA-830A-1E32-B82AB2F9894C}.Debug|Win32.ActiveCfg = Debug|Win32
		{D2E1078C-73CA-830A-1E32-B82AB2F9894C}.Debug|Win32.Build.0 = Debug|Win32
		{D2E1078C-73CA-830A-1E32-B82AB2F9894C}.Debug|x64.ActiveCfg = Debug|x64
		{D2E1078C-73CA-830A-1E32-B82AB2F9894C}.Debug|x64.Build.0 = Debug|x64
		{D2E1078C-73CA-830A-1E32-B82AB2F9894C}.Profile|Win32.ActiveCfg = Profile|Win32
		{D2E1078C-73CA-830A-1E32-B82AB2F9894C}.Profile|Win32.Build.0 = Profile|Win32
		{D2E1078C-73CA-830A-1E32-B82AB2F9894C}.Profile|x64.ActiveCfg = Profile|x64
		{D2E1078C-73CA-830A-1E32-B82AB2F9894C}.Profile|x64.Build.0 = Profile|x64
		{D2E1078C-73CA-830A-1E32-B82AB2F9894C}.Release|Win32.ActiveCfg = Release|Win32
		{D2E1078C-73CA-830A-1E32-B82AB2F9894C}.Release|Win32.Build.0 = Release|Win32
		{D2E1078C-73CA-830A-1E32-B82AB2F9894C}.Release|x64.ActiveCfg = Release|x64
		{D2E1078C-73CA-830A-1E32-B82AB2F9894C}.Release|x64.Build.0 = Release|x64
		{86ED204A-106C-9187-81FB-FAB754080AA9}.Debug|Win32.ActiveCfg = Debug|Win32
		{86ED204A-106C-9187-81FB-FAB754080AA9}.Debug|Win32.Build.0 = Debug|Win32
		{86ED204A-106C-9187-81FB-FAB754080AA9}.Debug|x64.ActiveCfg = Debug|x64
		{86ED204A-106C-9187-81FB-FAB754080AA9}.Debug|x64.Build.0 = Debug|x64
		{86ED204A-106C-9187-81FB-FAB754080AA9}.Profile|Win32.ActiveCfg = Profile|Win32
		{86ED204A-106C-9187-81FB-FAB754080AA9}.Profile|Win32.Build.0 = Profile|Win32
		{86ED204A-106C-9187-81FB-FAB754080AA9}.Profile|x64.ActiveCfg = Profile|x64
		{86ED204A-106C-9187-81FB-FAB754080AA9}.Profile|x64.Build.0 = Profile|x64
		{86ED204A-106C-9187-81FB-FAB754080AA9}.Release|Win32.ActiveCfg = Release|Win32
		{86ED204A-106C-9187-81FB-FAB754080AA9}.Release|Win32.Build.0 = Release|Win32
		{86ED204A-106C-9187-81FB-FAB754080AA9}.Release|x64.ActiveCfg = Release|x64
		{86ED204A-106C-9187-81FB-FAB754080AA9}.Release|x64.Build.0 = Release|x64
		{943B53A6-6E60-B75C-36A2-DEDDF02BBA82}.Debug|Win32.ActiveCfg = Debug|Win32
		{943B53A6-6E60-B75C-36A2-DEDDF02BBA82}.Debug|Win32.Build.0 = Debug|Win32
		{943B53A6-6E60-B75C-36A2-DEDDF02BBA82}.Debug|x64.ActiveCfg = Debug|x64
		{943B53A6-6E60-B75C-36A2-DEDDF02BBA82}.Debug|x64.Build.0 = Debug|x64
		{943B53A6-6E60-B75C-36A2-DEDDF02BBA82}.Profile|Win32.ActiveCfg = Profile|Win32
		{943B53A6-6E60-B75C-36A2-DEDDF02BBA82}.Profile|Win32.Build.0 = Profile|Win32
		{943B53A6-6E60-B75C-36A2-DEDDF02BBA82}.Profile|x64.ActiveCfg = Profile|x64
		{943B53A6-6E60-B75C-36A2-DEDDF02BBA82}.Profile|x64.Build.0 = Profile|x64
		{943B53A6-6E60-B75C-36A2-DEDDF02BBA82}.Release|Win32.ActiveCfg = Release|Win32
		{943B53A6-6E60-B75C-36A2-DEDDF02BBA82}.Release|Win32.Build.0 = Release|Win32
		{943B53A6-6E60-B75C-36A2-DEDDF02BBA82}.Release|x64.ActiveCfg = Release|x64
		{943B53A6-6E60-B75C-36A2-DEDDF02BBA82}.Release|x64.Build.0 = Release|x64
		{50D2E22C-0818-7D7B-7FD8-120030D79449}.Debug|Win32.ActiveCfg = Debug|Win32
		{50D2E22C-0818-7D7B-7FD8-120030D79449}.Debug|Win32.Build.0 = Debug|Win32
		{50D2E22C-0818-7D7B-7FD8-120030D79449}.Debug|x64.ActiveCfg = Debug|x64
		{50D2E22C-0818-7D7B-7FD8-120030D79449}.Debug|x64.Build.0 = Debug|x64
		{50D2E22C-0818-7D7B-7FD8-120030D79449}.Profile|Win32.ActiveCfg = Profile|Win32
		{50D2E22C-0818-7D7B-7FD8-120030D79449}.Profile|Win32.Build.0 = Profile|Win32
		{50D2E22C-0818-7D7B-7FD8-120030D79449}.Profile|x64.ActiveCfg = Profile|x64
		{50D2E22C-0818-7D7B-7FD8-120030D79449}.Profile|x64.Build.0 = Profile|x64
		{50D2E22C-0818-7D7B-7FD8-120030D79449}.Release|Win32.ActiveCfg = Release|Win32
		{50D2E22C-0818-7D7B-7FD8-120030D79449}.Release|Win32.Build.0 = Release|Win32
		{50D2E22C-0818-7D7B-7FD8-120030D79449}.Release|x64.ActiveCfg = Release|x64
		{50D2E22C-0818-7D7B-7FD8-120030D79449}.Release|x64.Build.0 = Release|x64
		{1065B1C1-3479-4993-3FB3-6B1A5F0781E3}.Debug|Win32.ActiveCfg = Debug|Win32
		{1065B1C1-3479-4993-3FB3-6B1A5F0781E3}.Debug|Win32.Build.0 = Debug|Win32
		{1065B1C1-3479-4993-3FB3-6B1A5F0781E3}.Debug|x64.ActiveCfg = Debug|x64
		{1065B1C1-3479-4993-3FB3-6B1A5F0781E3}.Debug|x64.Build.0 = Debug|x64
		{1065B1C1-3479-4993-3FB3-6B1A5F0781E3}.Profile|Win32.ActiveCfg = Profile|Win32
		{1065B1C1-3479-4993-3FB3-6B1A5F0781E3}.Profile|Win32.Build.0 = Profile|Win32
		{1065B1C1-3479-4993-3FB3-6B1A5F0781E3}.Profile|x64.ActiveCfg = Profile|x64
		{1065B1C1-3479-4993-3FB3-6B1A5F0781E3}.Profile|x64.Build.0 = Profile|x64
		{1065B1C1-3479-4993-3FB3-6B1A5F0781E3}.Release|Win32.ActiveCfg = Release|Win32
		{1065B1C1-3479-4993-3FB3-6B1A5F0781E3}.Release|Win32.Build.0 = Release|Win32
		{1065B1C1-3479-4993-3FB3-6B1A5F0781E3}.Release|x64.ActiveCfg = Release|x64
		{1065B1C1-3479-4993-3FB3-6B1A5F0781E3}.Release|x64.Build.0 = Release|x64
		{65F40C66-8908-A1A7-740E-C2EF83639C82}.Debug|Win32.ActiveCfg = Debug|Win32
		{65F40C66-8908-A1A7-740E-C2EF83639C82}.Debug|Win32.Build.0 = Debug|Win32
		{65F40C66-8908-A1A7-740E-C2EF83639C82}.Debug|x64.ActiveCfg = Debug|x64
		{65F40C66-8908-A1A7-740E-C2EF83639C82}.Debug|x64.Build.0 = Debug|x64
		{65F40C66-8908-A1A7-740E-C2EF83639C82}.Profile|Win32.ActiveCfg = Profile|Win32
		{65F40C66-8908-A1A7-740E-C2EF83639C82}.Profile|Win32.Build.0 = Profile|Win32
		{65F40C66-8908-A1A7-740E-C2EF83639C82}.Profile|x64.ActiveCfg = Profile|x64
		{65F40C66-8908-A1A7-740E-C2EF83639C82}.Profile|x64.Build.0 = Profile|x64
		{65F40C66-8908-A1A7-740E-C2EF83639C82}.Release|Win32.ActiveCfg = Release|Win32
		{65F40C66-8908-A1A7-740E-C2EF83639C82}.Release|Win32.Build.0 = Release|Win32
		{65F40C66-8908-A1A7-740E-C2EF83639C82}.Release|x64.ActiveCfg = Release|x64
		{65F40C66-8908-A1A7-740E-C2EF83639C82}.Release|x64.Build.0 = Release|x64
		{DDB99D09-8304-DBF4-EB49-9EFCA5FBF4D3}.Debug|Win32.ActiveCfg = Debug|Win32
		{DDB99D09-8304-DBF4-EB49-9EFCA5FBF4D3}.Debug|Win32.Build.0 = Debug|Win32
		{DDB99D09-8304-DBF4-EB49-9EFCA5FBF4D3}.Debug|x64.ActiveCfg = Debug|x64
		{DDB99D09-8304-DBF4-EB49-9EFCA5FBF4D3}.Debug|x64.Build.0 = Debug|x64
		{DDB99D09-8304-DBF4-EB49-9EFCA5FBF4D3}.Profile|Win32.ActiveCfg = Profile|Win32
		{DDB99D09-8304-DBF4-EB49-9EFCA5FBF4D3}.Profile|Win32.Build.0 = Profile|Win32
		{DDB99D09-8304-DBF4-EB49-9EFCA5FBF4D3}.Profile|x64.ActiveCfg = Profile|x64
		{DDB99D09-8304-DBF4-EB49-9EFCA5FBF4D3}.Profile|x64.Build.0 = Profile|x64
		{DDB99D09-8304-DBF4-EB49-9EFCA5FBF4D3}.Release|Win32.ActiveCfg = Release|Win32
		{DDB99D09-8304-DBF4-EB49-9EFCA5FBF4D3}.Release|Win32.Build.0 = Release|Win32
		{DDB99D09-8304-DBF4-EB49-9EFCA5FBF4D3}.Release|x64.ActiveCfg = Release|x64
		{DDB99D09-8304-DBF4-EB49-9EFCA5FBF4D3}.Release|x64.Build.0 = Release|x64
		{71A32F52-DD54-DD55-BCD6-7B35016D41F8}.Debug|Win32.ActiveCfg = Debug|Win32
		{71A32F52-DD54-DD55-BCD6-7B35016D41F8}.Debug|Win32.Build.0 = Debug|Win32
		{71A32F52-DD54-DD55-BCD6-7B35016D41F8}.Debug|x64.ActiveCfg = Debug|x64
		{71A32F52-DD54-DD55-BCD6-7B35016D41F8}.Debug|x64.Build.0 = Debug|x64
		{71A32F52-DD54-DD55-BCD6-7B35016D41F8}.Profile|Win32.ActiveCfg = Profile|Win32
		{71A32F52-DD54-DD55-BCD6-7B35016D41F8}.Profile|Win32.Build.0 = Profile|Win32
		{71A32F52-DD54-DD55-BCD6-7B35016D41F8}.Profile|x64.ActiveCfg = Profile|x64
		{71A32F52-DD54-DD55-BCD6-7B35016D41F8}.Profile|x64.Build.0 = Profile|x64
		{71A32F52-DD54-DD55-BCD6-7B35016D41F8}.Release|Win32.ActiveCfg = Release|Win32
		{71A32F52-DD54-DD55-BCD6-7B35016D41F8}.Release|Win32.Build.0 = Release|Win32
		{71A32F52-DD54-DD55-BCD6-7B35016D41F8}.Release|x64.ActiveCfg = Release|x64
		{71A32F52-DD54-DD55-BCD6-7B35016D41F8}.Release|x64.Build.0 = Release|x64
		{47F5927B-08C4-77BF-F70E-765EEE18C90F}.Debug|Win32.ActiveCfg = Debug|Win32
		{47F5927B-08C4-77BF-F70E-765EEE18C90F}.Debug|Win32.Build.0 = Debug|Win32
		{47F5927B-08C4-77BF-F70E-765EEE18C90F}.Debug|x64.ActiveCfg = Debug|x64
		{47F5927B-08C4-77BF-F70E-765EEE18C90F}.Debug|x64.Build.0 = Debug|x64
		{47F5927B-08C4-77BF-F70E-765EEE18C90F}.Profile|Win32.ActiveCfg = Profile|Win32
		{47F5927B-08C4-77BF-F70E-765EEE18C90F}.Profile|Win32.Build.0 = Profile|Win32
		{47F5927B-08C4-77BF-F70E-765EEE18C90F}.Profile|x64.ActiveCfg = Profile|x64
		{47F5927B-08C4-77BF-F70E-765EEE18C90F}.Profile|x64.Build.0 = Profile|x64
		{47F5927B-08C4-77BF-F70E-765EEE18C90F}.Release|Win32.ActiveCfg = Release|Win32
		{47F5927B-08C4-77BF-F70E-765EEE18C90F}.Release|Win32.Build.0 = Release|Win32
		{47F5927B-08C4-77BF-F70E-765EEE18C90F}.Release|x64.ActiveCfg = Release|x64
		{47F5927B-08C4-77BF-F70E-765EEE18C90F}.Release|x64.Build.0 = Release|x64
		{820A1611-ED44-7B02-8932-046F0DACAD50}.Debug|Win32.ActiveCfg = Debug|Win32
		{820A1611-ED44-7B02-8932-046F0DACAD50}.Debug|Win32.Build.0 = Debug|Win32
		{820A1611-ED44-7B02-8932-046F0DACAD50}.Debug|x64.ActiveCfg = Debug|x64
		{820A1611-ED44-7B02-8932-046F0DACAD50}.Debug|x64.Build.0 = Debug|x64
		{820A1611-ED44-7B02-8932-046F0DACAD50}.Profile|Win32.ActiveCfg = Profile|Win32
		{820A1611-ED44-7B02-8932-046F0DACAD50}.Profile|Win32.Build.0 = Profile|Win32
		{820A1611-ED44-7B02-8932-046F0DACAD50}.Profile|x64.ActiveCfg = Profile|x64
		{820A1611-ED44-7B02-8932-046F0DACAD50}.Profile|x64.Build.0 = Profile|x64
		{820A1611-ED44-7B02-8932-046F0DACAD50}.Release|Win32.ActiveCfg = Release|Win32
		{820A1611-ED44-7B02-8932-046F0DACAD50}.Release|Win32.Build.0 = Release|Win32
		{820A1611-ED44-7B02-8932-046F0DACAD50}.Release|x64.ActiveCfg = Release|x64
		{820A1611-ED44-7B02-8932-046F0DACAD50}.Release|x64.Build.0 = Release|x64
		{5E08F9FA-B39E-C823-9AA3-5EFA6B3405BF}.Debug|Win32.ActiveCfg = Debug|Win32
		{5E08F9FA-B39E-C823-9AA3-5EFA6B3405BF}.Debug|Win32.Build.0 = Debug|Win32
		{5E08F9FA-B39E-C823-9AA3-5EFA6B3405BF}.Debug|x64.ActiveCfg = Debug|x64
		{5E08F9FA-B39E-C823-9AA3-5EFA6B3405BF}.Debug|x64.Build.0 = Debug|x64
		{5E08F9FA-B39E-C823-9AA3-5EFA6B3405BF}.Profile|Win32.ActiveCfg = Profile|Win32
		{5E08F9FA-B39E-C823-9AA3-5EFA6B3405BF}.Profile|Win32.Build.0 = Profile|Win32
		{5E08F9FA-B39E-C823-9AA3-5EFA6B3405BF}.Profile|x64.ActiveCfg = Profile|x64
		{5E08F9FA-B39E-C823-9AA3-5EFA6B3405BF}.Profile|x64.Build.0 = Profile|x64
		{5E08F9FA-B39E-C823-9AA3-5EFA6B3405BF}.Release|Win32.ActiveCfg = Release|Win32
		{5E08F9FA-B39E-C823-9AA3-5EFA6B3405BF}.Release|Win32.Build.0 = Release|Win32
		{5E08F9FA-B39E-C823-9AA3-5EFA6B3405BF}.Release|x64.ActiveCfg = Release|x64
		{5E08F9FA-B39E-C823-9AA3-5EFA6B3405BF}.Release|x64.Build.0 = Release|x64
		{213CE489-52C3-4B71-A61F-E347B52DEE6D}.Debug|Win32.ActiveCfg = Debug|Win32
		{213CE489-52C3-4B71-A61F-E347B52DEE6D}.Debug|Win32.Build.0 = Debug|Win32
		{213CE489-52C3-4B71-A61F-E347B52DEE6D}.Debug|x64.ActiveCfg = Debug|x64
		{213CE489-52C3-4B71-A61F-E347B52DEE6D}.Debug|x64.Build.0 = Debug|x64
		{213CE489-52C3-4B71-A61F-E347B52DEE6D}.Profile|Win32.ActiveCfg = Profile|Win32
		{213CE489-52C3-4B71-A61F-E347B52DEE6D}.Profile|Win32.Build.0 = Profile|Win32
		{213CE489-52C3-4B71-A61F-E347B52DEE6D}.Profile|x64.ActiveCfg = Profile|x64
		{213CE489-52C3-4B71-A61F-E347B52DEE6D}.Profile|x64.Build.0 = Profile|x64
		{213CE489-52C3-4B71-A61F-E347B52DEE6D}.Release|Win32.ActiveCfg = Release|Win32
		{213CE489-52C3-4B71-A61F-E347B52DEE6D}.Release|Win32.Build.0 = Release|Win32
		{213CE489-52C3-4B71-A61F-E347B52DEE6D}.Release|x64.ActiveCfg = Release|x64
		{213CE489-52C3-4B71-A61F-E347B52DEE6D}.Release|x64.Build.0 = Release|x64
	EndGlobalSection
	GlobalSection(SolutionProperties) = preSolution
		HideSolutionNode = FALSE
	EndGlobalSection
	GlobalSection(NestedProjects) = preSolution
	EndGlobalSection
EndGlobal
