<?xml version="1.0" encoding="utf-8"?>
<Project ToolsVersion="4.0" xmlns="http://schemas.microsoft.com/developer/msbuild/2003">
  <ItemGroup>
    <Filter Include="include">
      <UniqueIdentifier>{06BE4155-CE86-6640-854B-5108339212EF}</UniqueIdentifier>
    </Filter>
    <Filter Include="include\AK">
      <UniqueIdentifier>{BF765C05-E1D2-B943-B1D9-5C880EF258F8}</UniqueIdentifier>
    </Filter>
    <Filter Include="include\AK\Plugin">
      <UniqueIdentifier>{B9E56FFE-D1DC-CD46-873D-8A987029D8FE}</UniqueIdentifier>
    </Filter>
    <Filter Include="include\AK\DSP">
      <UniqueIdentifier>{84A600D5-B00C-124C-A227-0A2E163416D1}</UniqueIdentifier>
    </Filter>
    <Filter Include="include\AK\Plugin\PluginServices">
      <UniqueIdentifier>{BF77C32C-3861-B94E-A7E2-4D41ECD083A7}</UniqueIdentifier>
    </Filter>
    <Filter Include="DSP">
      <UniqueIdentifier>{B72CC18B-7733-8C4B-BAAC-0F4692A86CB5}</UniqueIdentifier>
    </Filter>
  </ItemGroup>
  <ItemGroup>
    <ClInclude Include="..\AkFXSrcSine.h" />
    <ClInclude Include="..\AkFXSrcSineParams.h" />
    <ClInclude Include="..\..\..\..\..\..\include\AK\Plugin\AkSineSourceFactory.h">
      <Filter>include\AK\Plugin</Filter>
    </ClInclude>
    <ClInclude Include="..\..\..\..\..\..\include\AK\DSP\AkApplyGain.h">
      <Filter>include\AK\DSP</Filter>
    </ClInclude>
    <ClInclude Include="..\..\..\..\..\..\include\AK\Plugin\PluginServices\AkFXDurationHandler.h">
      <Filter>include\AK\Plugin\PluginServices</Filter>
    </ClInclude>
    <ClInclude Include="..\..\..\..\..\..\include\AK\Plugin\PluginServices\AkFXParameterChangeHandler.h">
      <Filter>include\AK\Plugin\PluginServices</Filter>
    </ClInclude>
    <ClInclude Include="..\..\..\..\..\DSP\AkSineOsc.h">
      <Filter>DSP</Filter>
    </ClInclude>
  </ItemGroup>
  <ItemGroup>
    <ClCompile Include="..\AkFXSrcSine.cpp" />
    <ClCompile Include="..\AkFXSrcSineParams.cpp" />
    <ClCompile Include="..\..\..\..\..\DSP\AkSineOsc.cpp">
      <Filter>DSP</Filter>
    </ClCompile>
  </ItemGroup>
</Project>
