<?xml version="1.0" encoding="utf-8"?>
<Project ToolsVersion="4.0" xmlns="http://schemas.microsoft.com/developer/msbuild/2003">
  <ItemGroup>
    <Filter Include="include">
      <UniqueIdentifier>{84A31C0E-CE71-B545-9741-AC8307054C07}</UniqueIdentifier>
    </Filter>
    <Filter Include="include\AK">
      <UniqueIdentifier>{A6BABC00-6535-994F-BCEF-5F33AC318373}</UniqueIdentifier>
    </Filter>
    <Filter Include="include\AK\Plugin">
      <UniqueIdentifier>{37669F71-9349-CE44-AB03-B71C6994E7BE}</UniqueIdentifier>
    </Filter>
    <Filter Include="include\AK\DSP">
      <UniqueIdentifier>{F3953466-07B2-3D40-9B27-82864B2C9028}</UniqueIdentifier>
    </Filter>
    <Filter Include="include\AK\Plugin\PluginServices">
      <UniqueIdentifier>{FF2629DC-D3CC-5F4F-ACAC-A8437B4B9377}</UniqueIdentifier>
    </Filter>
    <Filter Include="DSP">
      <UniqueIdentifier>{CEB0DAEC-5AF7-CD44-936B-99F032633D1A}</UniqueIdentifier>
    </Filter>
  </ItemGroup>
  <ItemGroup>
    <ClInclude Include="..\AkFXSrcSine.h" />
    <ClInclude Include="..\AkFXSrcSineParams.h" />
    <ClInclude Include="..\..\..\..\..\..\include\AK\Plugin\AkSineSourceFactory.h">
      <Filter>include\AK\Plugin</Filter>
    </ClInclude>
    <ClInclude Include="..\..\..\..\..\..\include\AK\DSP\AkApplyGain.h">
      <Filter>include\AK\DSP</Filter>
    </ClInclude>
    <ClInclude Include="..\..\..\..\..\..\include\AK\Plugin\PluginServices\AkFXDurationHandler.h">
      <Filter>include\AK\Plugin\PluginServices</Filter>
    </ClInclude>
    <ClInclude Include="..\..\..\..\..\..\include\AK\Plugin\PluginServices\AkFXParameterChangeHandler.h">
      <Filter>include\AK\Plugin\PluginServices</Filter>
    </ClInclude>
    <ClInclude Include="..\..\..\..\..\DSP\AkSineOsc.h">
      <Filter>DSP</Filter>
    </ClInclude>
  </ItemGroup>
  <ItemGroup>
    <ClCompile Include="..\AkFXSrcSine.cpp" />
    <ClCompile Include="..\AkFXSrcSineParams.cpp" />
    <ClCompile Include="..\..\..\..\..\DSP\AkSineOsc.cpp">
      <Filter>DSP</Filter>
    </ClCompile>
  </ItemGroup>
</Project>
